// !$*UTF8*$!
{
	archiveVersion = 1;
	classes = {
	};
	objectVersion = 70;
	objects = {

/* Begin PBXBuildFile section */
		312BEA5A2DB6D3B8003F4AE9 /* ffmpeg-darwin-x64 in Resources */ = {isa = PBXBuildFile; fileRef = 312BEA592DB6D3B8003F4AE9 /* ffmpeg-darwin-x64 */; };
		312BEA5B2DB6D3B8003F4AE9 /* ffmpeg-darwin-arm64 in Resources */ = {isa = PBXBuildFile; fileRef = 312BEA582DB6D3B8003F4AE9 /* ffmpeg-darwin-arm64 */; };
		31971DC52DA5ADC70094D713 /* Sentry in Frameworks */ = {isa = PBXBuildFile; productRef = 31971DC42DA5ADC70094D713 /* Sentry */; };
		31971DC92DA5ADC70094D713 /* SentrySwiftUI in Frameworks */ = {isa = PBXBuildFile; productRef = 31971DC82DA5ADC70094D713 /* SentrySwiftUI */; };
		31971DD02DA5AF9C0094D713 /* Alamofire in Frameworks */ = {isa = PBXBuildFile; productRef = 31971DCF2DA5AF9C0094D713 /* Alamofire */; };
		C707639F2208B4AC00EC232E /* NSImageView_ScaleAspectFill.swift in Sources */ = {isa = PBXBuildFile; fileRef = C707639E2208B4AC00EC232E /* NSImageView_ScaleAspectFill.swift */; };
		C719FEAF1FB35D4D00912D76 /* AppDelegate.swift in Sources */ = {isa = PBXBuildFile; fileRef = C719FEAE1FB35D4D00912D76 /* AppDelegate.swift */; };
		C719FEB11FB35D4D00912D76 /* ViewController.swift in Sources */ = {isa = PBXBuildFile; fileRef = C719FEB01FB35D4D00912D76 /* ViewController.swift */; };
		C719FEB31FB35D4D00912D76 /* Assets.xcassets in Resources */ = {isa = PBXBuildFile; fileRef = C719FEB21FB35D4D00912D76 /* Assets.xcassets */; };
		C719FEB61FB35D4D00912D76 /* Main.storyboard in Resources */ = {isa = PBXBuildFile; fileRef = C719FEB41FB35D4D00912D76 /* Main.storyboard */; };
		C719FEC31FB35F1B00912D76 /* DownloadViewController.swift in Sources */ = {isa = PBXBuildFile; fileRef = C719FEC21FB35F1B00912D76 /* DownloadViewController.swift */; };
		C75EC95A240D56C300EF8589 /* exportOptions.plist in Resources */ = {isa = PBXBuildFile; fileRef = C75EC959240D56C300EF8589 /* exportOptions.plist */; };
		C761EDC92D9335DD00CE7399 /* yt-dlp in Resources */ = {isa = PBXBuildFile; fileRef = C761EDC82D9335DD00CE7399 /* yt-dlp */; };
		C791BD1F20F6999500625D46 /* PreviewView.swift in Sources */ = {isa = PBXBuildFile; fileRef = C791BD1E20F6999500625D46 /* PreviewView.swift */; };
		C791BD2120F69D9200625D46 /* PreviewView.xib in Resources */ = {isa = PBXBuildFile; fileRef = C791BD2020F69D9200625D46 /* PreviewView.xib */; };
		C791BD2320F74D8400625D46 /* NibLoader.swift in Sources */ = {isa = PBXBuildFile; fileRef = C791BD2220F74D8400625D46 /* NibLoader.swift */; };
		C791BD2520F7562400625D46 /* placeholder.png in Resources */ = {isa = PBXBuildFile; fileRef = C791BD2420F7562400625D46 /* placeholder.png */; };
		C7C5C4DD27A99A6600DFDE00 /* errors.swift in Sources */ = {isa = PBXBuildFile; fileRef = C7C5C4DC27A99A6600DFDE00 /* errors.swift */; };
		C7C5C4E527A9AD8F00DFDE00 /* crash_report.swift in Sources */ = {isa = PBXBuildFile; fileRef = C7C5C4E427A9AD8F00DFDE00 /* crash_report.swift */; };
		C7F9F8DB1FBA3D560033E5EC /* execute_command.swift in Sources */ = {isa = PBXBuildFile; fileRef = C7F9F8DA1FBA3D560033E5EC /* execute_command.swift */; };
		C7F9F8DD1FBA3D6A0033E5EC /* VideoInfo.swift in Sources */ = {isa = PBXBuildFile; fileRef = C7F9F8DC1FBA3D6A0033E5EC /* VideoInfo.swift */; };
/* End PBXBuildFile section */

/* Begin PBXContainerItemProxy section */
		312BEA0A2DB0302D003F4AE9 /* PBXContainerItemProxy */ = {
			isa = PBXContainerItemProxy;
			containerPortal = C719FEA31FB35D4D00912D76 /* Project object */;
			proxyType = 1;
			remoteGlobalIDString = C719FEAA1FB35D4D00912D76;
			remoteInfo = "Youtube Downloader";
		};
/* End PBXContainerItemProxy section */

/* Begin PBXCopyFilesBuildPhase section */
		C719FF171FB36BC000912D76 /* Embed Frameworks */ = {
			isa = PBXCopyFilesBuildPhase;
			buildActionMask = 2147483647;
			dstPath = "";
			dstSubfolderSpec = 10;
			files = (
			);
			name = "Embed Frameworks";
			runOnlyForDeploymentPostprocessing = 0;
		};
/* End PBXCopyFilesBuildPhase section */

/* Begin PBXFileReference section */
		312BEA062DB0302D003F4AE9 /* Youtube DownloaderTests.xctest */ = {isa = PBXFileReference; explicitFileType = wrapper.cfbundle; includeInIndex = 0; path = "Youtube DownloaderTests.xctest"; sourceTree = BUILT_PRODUCTS_DIR; };
		312BEA582DB6D3B8003F4AE9 /* ffmpeg-darwin-arm64 */ = {isa = PBXFileReference; lastKnownFileType = "compiled.mach-o.executable"; path = "ffmpeg-darwin-arm64"; sourceTree = "<group>"; };
		312BEA592DB6D3B8003F4AE9 /* ffmpeg-darwin-x64 */ = {isa = PBXFileReference; lastKnownFileType = "compiled.mach-o.executable"; path = "ffmpeg-darwin-x64"; sourceTree = "<group>"; };
		C707639E2208B4AC00EC232E /* NSImageView_ScaleAspectFill.swift */ = {isa = PBXFileReference; lastKnownFileType = sourcecode.swift; path = NSImageView_ScaleAspectFill.swift; sourceTree = "<group>"; };
		C719FEAB1FB35D4D00912D76 /* Youtube Downloader.app */ = {isa = PBXFileReference; explicitFileType = wrapper.application; includeInIndex = 0; path = "Youtube Downloader.app"; sourceTree = BUILT_PRODUCTS_DIR; };
		C719FEAE1FB35D4D00912D76 /* AppDelegate.swift */ = {isa = PBXFileReference; lastKnownFileType = sourcecode.swift; path = AppDelegate.swift; sourceTree = "<group>"; };
		C719FEB01FB35D4D00912D76 /* ViewController.swift */ = {isa = PBXFileReference; lastKnownFileType = sourcecode.swift; path = ViewController.swift; sourceTree = "<group>"; };
		C719FEB21FB35D4D00912D76 /* Assets.xcassets */ = {isa = PBXFileReference; lastKnownFileType = folder.assetcatalog; path = Assets.xcassets; sourceTree = "<group>"; };
		C719FEB51FB35D4D00912D76 /* Base */ = {isa = PBXFileReference; lastKnownFileType = file.storyboard; name = Base; path = Base.lproj/Main.storyboard; sourceTree = "<group>"; };
		C719FEB71FB35D4D00912D76 /* Info.plist */ = {isa = PBXFileReference; lastKnownFileType = text.plist.xml; path = Info.plist; sourceTree = "<group>"; };
		C719FEB81FB35D4D00912D76 /* Youtube_Downloader.entitlements */ = {isa = PBXFileReference; lastKnownFileType = text.plist.entitlements; path = Youtube_Downloader.entitlements; sourceTree = "<group>"; };
		C719FEC21FB35F1B00912D76 /* DownloadViewController.swift */ = {isa = PBXFileReference; lastKnownFileType = sourcecode.swift; path = DownloadViewController.swift; sourceTree = "<group>"; };
		C719FF181FB3AD8F00912D76 /* README.md */ = {isa = PBXFileReference; lastKnownFileType = net.daringfireball.markdown; path = README.md; sourceTree = "<group>"; };
		C75EC959240D56C300EF8589 /* exportOptions.plist */ = {isa = PBXFileReference; lastKnownFileType = text.plist.xml; path = exportOptions.plist; sourceTree = "<group>"; };
		C761EDC82D9335DD00CE7399 /* yt-dlp */ = {isa = PBXFileReference; lastKnownFileType = "compiled.mach-o.executable"; path = "yt-dlp"; sourceTree = "<group>"; };
		C791BD1E20F6999500625D46 /* PreviewView.swift */ = {isa = PBXFileReference; lastKnownFileType = sourcecode.swift; path = PreviewView.swift; sourceTree = "<group>"; };
		C791BD2020F69D9200625D46 /* PreviewView.xib */ = {isa = PBXFileReference; lastKnownFileType = file.xib; path = PreviewView.xib; sourceTree = "<group>"; };
		C791BD2220F74D8400625D46 /* NibLoader.swift */ = {isa = PBXFileReference; lastKnownFileType = sourcecode.swift; path = NibLoader.swift; sourceTree = "<group>"; };
		C791BD2420F7562400625D46 /* placeholder.png */ = {isa = PBXFileReference; lastKnownFileType = image.png; path = placeholder.png; sourceTree = "<group>"; };
		C7C5C4DC27A99A6600DFDE00 /* errors.swift */ = {isa = PBXFileReference; lastKnownFileType = sourcecode.swift; path = errors.swift; sourceTree = "<group>"; };
		C7C5C4E427A9AD8F00DFDE00 /* crash_report.swift */ = {isa = PBXFileReference; lastKnownFileType = sourcecode.swift; path = crash_report.swift; sourceTree = "<group>"; };
		C7F9F8DA1FBA3D560033E5EC /* execute_command.swift */ = {isa = PBXFileReference; lastKnownFileType = sourcecode.swift; path = execute_command.swift; sourceTree = "<group>"; };
		C7F9F8DC1FBA3D6A0033E5EC /* VideoInfo.swift */ = {isa = PBXFileReference; lastKnownFileType = sourcecode.swift; path = VideoInfo.swift; sourceTree = "<group>"; };
/* End PBXFileReference section */

/* Begin PBXFileSystemSynchronizedRootGroup section */
		312BEA072DB0302D003F4AE9 /* Youtube DownloaderTests */ = {isa = PBXFileSystemSynchronizedRootGroup; explicitFileTypes = {}; explicitFolders = (); path = "Youtube DownloaderTests"; sourceTree = "<group>"; };
/* End PBXFileSystemSynchronizedRootGroup section */

/* Begin PBXFrameworksBuildPhase section */
		312BEA032DB0302D003F4AE9 /* Frameworks */ = {
			isa = PBXFrameworksBuildPhase;
			buildActionMask = 2147483647;
			files = (
			);
			runOnlyForDeploymentPostprocessing = 0;
		};
		C719FEA81FB35D4D00912D76 /* Frameworks */ = {
			isa = PBXFrameworksBuildPhase;
			buildActionMask = 2147483647;
			files = (
				31971DD02DA5AF9C0094D713 /* Alamofire in Frameworks */,
				31971DC52DA5ADC70094D713 /* Sentry in Frameworks */,
				31971DC92DA5ADC70094D713 /* SentrySwiftUI in Frameworks */,
			);
			runOnlyForDeploymentPostprocessing = 0;
		};
/* End PBXFrameworksBuildPhase section */

/* Begin PBXGroup section */
		C719FEA21FB35D4D00912D76 = {
			isa = PBXGroup;
			children = (
				C75EC959240D56C300EF8589 /* exportOptions.plist */,
				C719FF181FB3AD8F00912D76 /* README.md */,
				C719FEAD1FB35D4D00912D76 /* Youtube Downloader */,
				312BEA072DB0302D003F4AE9 /* Youtube DownloaderTests */,
				C719FEAC1FB35D4D00912D76 /* Products */,
				C7C5C51527A9C55F00DFDE00 /* Frameworks */,
			);
			sourceTree = "<group>";
		};
		C719FEAC1FB35D4D00912D76 /* Products */ = {
			isa = PBXGroup;
			children = (
				C719FEAB1FB35D4D00912D76 /* Youtube Downloader.app */,
				312BEA062DB0302D003F4AE9 /* Youtube DownloaderTests.xctest */,
			);
			name = Products;
			sourceTree = "<group>";
		};
		C719FEAD1FB35D4D00912D76 /* Youtube Downloader */ = {
			isa = PBXGroup;
			children = (
				312BEA582DB6D3B8003F4AE9 /* ffmpeg-darwin-arm64 */,
				312BEA592DB6D3B8003F4AE9 /* ffmpeg-darwin-x64 */,
				C791BD2420F7562400625D46 /* placeholder.png */,
				C791BD1E20F6999500625D46 /* PreviewView.swift */,
				C707639E2208B4AC00EC232E /* NSImageView_ScaleAspectFill.swift */,
				C791BD2020F69D9200625D46 /* PreviewView.xib */,
				C719FEC21FB35F1B00912D76 /* DownloadViewController.swift */,
				C7C5C4E427A9AD8F00DFDE00 /* crash_report.swift */,
				C761EDC82D9335DD00CE7399 /* yt-dlp */,
				C791BD2220F74D8400625D46 /* NibLoader.swift */,
				C719FEAE1FB35D4D00912D76 /* AppDelegate.swift */,
				C7F9F8DC1FBA3D6A0033E5EC /* VideoInfo.swift */,
				C7F9F8DA1FBA3D560033E5EC /* execute_command.swift */,
				C7C5C4DC27A99A6600DFDE00 /* errors.swift */,
				C719FEB01FB35D4D00912D76 /* ViewController.swift */,
				C719FEB21FB35D4D00912D76 /* Assets.xcassets */,
				C719FEB41FB35D4D00912D76 /* Main.storyboard */,
				C719FEB71FB35D4D00912D76 /* Info.plist */,
				C719FEB81FB35D4D00912D76 /* Youtube_Downloader.entitlements */,
			);
			path = "Youtube Downloader";
			sourceTree = "<group>";
		};
		C7C5C51527A9C55F00DFDE00 /* Frameworks */ = {
			isa = PBXGroup;
			children = (
			);
			name = Frameworks;
			sourceTree = "<group>";
		};
/* End PBXGroup section */

/* Begin PBXNativeTarget section */
		312BEA052DB0302D003F4AE9 /* Youtube DownloaderTests */ = {
			isa = PBXNativeTarget;
			buildConfigurationList = 312BEA0E2DB0302D003F4AE9 /* Build configuration list for PBXNativeTarget "Youtube DownloaderTests" */;
			buildPhases = (
				312BEA022DB0302D003F4AE9 /* Sources */,
				312BEA032DB0302D003F4AE9 /* Frameworks */,
				312BEA042DB0302D003F4AE9 /* Resources */,
			);
			buildRules = (
			);
			dependencies = (
				312BEA0B2DB0302D003F4AE9 /* PBXTargetDependency */,
			);
			fileSystemSynchronizedGroups = (
				312BEA072DB0302D003F4AE9 /* Youtube DownloaderTests */,
			);
			name = "Youtube DownloaderTests";
			packageProductDependencies = (
			);
			productName = "Youtube DownloaderTests";
			productReference = 312BEA062DB0302D003F4AE9 /* Youtube DownloaderTests.xctest */;
			productType = "com.apple.product-type.bundle.unit-test";
		};
		C719FEAA1FB35D4D00912D76 /* Youtube Downloader */ = {
			isa = PBXNativeTarget;
			buildConfigurationList = C719FEBB1FB35D4D00912D76 /* Build configuration list for PBXNativeTarget "Youtube Downloader" */;
			buildPhases = (
				C719FEA71FB35D4D00912D76 /* Sources */,
				C719FEA81FB35D4D00912D76 /* Frameworks */,
				C719FEA91FB35D4D00912D76 /* Resources */,
				312BEA5C2DB6D3E2003F4AE9 /* ShellScript */,
				C719FF171FB36BC000912D76 /* Embed Frameworks */,
			);
			buildRules = (
			);
			dependencies = (
			);
			name = "Youtube Downloader";
			productName = "Youtube Downloader";
			productReference = C719FEAB1FB35D4D00912D76 /* Youtube Downloader.app */;
			productType = "com.apple.product-type.application";
		};
/* End PBXNativeTarget section */

/* Begin PBXProject section */
		C719FEA31FB35D4D00912D76 /* Project object */ = {
			isa = PBXProject;
			attributes = {
				LastSwiftUpdateCheck = 1630;
				LastUpgradeCheck = 1240;
				ORGANIZATIONNAME = "Mathias Beke";
				TargetAttributes = {
					312BEA052DB0302D003F4AE9 = {
						CreatedOnToolsVersion = 16.3;
						TestTargetID = C719FEAA1FB35D4D00912D76;
					};
					C719FEAA1FB35D4D00912D76 = {
						CreatedOnToolsVersion = 9.1;
						LastSwiftMigration = 1130;
						ProvisioningStyle = Automatic;
					};
				};
			};
			buildConfigurationList = C719FEA61FB35D4D00912D76 /* Build configuration list for PBXProject "Youtube Downloader" */;
			compatibilityVersion = "Xcode 8.0";
			developmentRegion = en;
			hasScannedForEncodings = 0;
			knownRegions = (
				en,
				Base,
			);
			mainGroup = C719FEA21FB35D4D00912D76;
			packageReferences = (
				31971DC32DA5ADC70094D713 /* XCRemoteSwiftPackageReference "sentry-cocoa" */,
				31971DCE2DA5AF9C0094D713 /* XCRemoteSwiftPackageReference "Alamofire" */,
			);
			productRefGroup = C719FEAC1FB35D4D00912D76 /* Products */;
			projectDirPath = "";
			projectRoot = "";
			targets = (
				C719FEAA1FB35D4D00912D76 /* Youtube Downloader */,
				312BEA052DB0302D003F4AE9 /* Youtube DownloaderTests */,
			);
		};
/* End PBXProject section */

/* Begin PBXResourcesBuildPhase section */
		312BEA042DB0302D003F4AE9 /* Resources */ = {
			isa = PBXResourcesBuildPhase;
			buildActionMask = 2147483647;
			files = (
			);
			runOnlyForDeploymentPostprocessing = 0;
		};
		C719FEA91FB35D4D00912D76 /* Resources */ = {
			isa = PBXResourcesBuildPhase;
			buildActionMask = 2147483647;
			files = (
				C761EDC92D9335DD00CE7399 /* yt-dlp in Resources */,
				C791BD2120F69D9200625D46 /* PreviewView.xib in Resources */,
				C75EC95A240D56C300EF8589 /* exportOptions.plist in Resources */,
				C719FEB31FB35D4D00912D76 /* Assets.xcassets in Resources */,
				C791BD2520F7562400625D46 /* placeholder.png in Resources */,
				C719FEB61FB35D4D00912D76 /* Main.storyboard in Resources */,
				312BEA5A2DB6D3B8003F4AE9 /* ffmpeg-darwin-x64 in Resources */,
				312BEA5B2DB6D3B8003F4AE9 /* ffmpeg-darwin-arm64 in Resources */,
			);
			runOnlyForDeploymentPostprocessing = 0;
		};
/* End PBXResourcesBuildPhase section */

/* Begin PBXShellScriptBuildPhase section */
		312BEA5C2DB6D3E2003F4AE9 /* ShellScript */ = {
			isa = PBXShellScriptBuildPhase;
			buildActionMask = 2147483647;
			files = (
			);
			inputFileListPaths = (
			);
			inputPaths = (
			);
			outputFileListPaths = (
			);
			outputPaths = (
			);
			runOnlyForDeploymentPostprocessing = 0;
			shellPath = /bin/sh;
			shellScript = "#!/bin/sh\nset -euo pipefail      # stop on first error and echo failing line\n\n# Path to Resources inside the built .app\nRES=\"${TARGET_BUILD_DIR}/${UNLOCALIZED_RESOURCES_FOLDER_PATH}\"\n\n# List the helpers you expect.\n#   If you merged into one universal binary, change this to just: helpers=\"ffmpeg\"\nhelpers=\"ffmpeg-darwin-arm64 ffmpeg-darwin-x64\"\n\nfor helper in $helpers; do\n    if [ -f \"$RES/$helper\" ]; then\n        echo \"‣ Preparing $helper\"\n        chmod a+x \"$RES/$helper\"\n        codesign --force --timestamp --options runtime \\\n                 --sign \"$EXPANDED_CODE_SIGN_IDENTITY\" \"$RES/$helper\"\n    else\n        echo \"warning: $helper not found in $RES – skipping\"\n    fi\ndone\n\nexit 0  \n";
		};
/* End PBXShellScriptBuildPhase section */

/* Begin PBXSourcesBuildPhase section */
		312BEA022DB0302D003F4AE9 /* Sources */ = {
			isa = PBXSourcesBuildPhase;
			buildActionMask = 2147483647;
			files = (
			);
			runOnlyForDeploymentPostprocessing = 0;
		};
		C719FEA71FB35D4D00912D76 /* Sources */ = {
			isa = PBXSourcesBuildPhase;
			buildActionMask = 2147483647;
			files = (
				C7F9F8DB1FBA3D560033E5EC /* execute_command.swift in Sources */,
				C791BD2320F74D8400625D46 /* NibLoader.swift in Sources */,
				C7C5C4DD27A99A6600DFDE00 /* errors.swift in Sources */,
				C7C5C4E527A9AD8F00DFDE00 /* crash_report.swift in Sources */,
				C719FEB11FB35D4D00912D76 /* ViewController.swift in Sources */,
				C707639F2208B4AC00EC232E /* NSImageView_ScaleAspectFill.swift in Sources */,
				C719FEC31FB35F1B00912D76 /* DownloadViewController.swift in Sources */,
				C7F9F8DD1FBA3D6A0033E5EC /* VideoInfo.swift in Sources */,
				C719FEAF1FB35D4D00912D76 /* AppDelegate.swift in Sources */,
				C791BD1F20F6999500625D46 /* PreviewView.swift in Sources */,
			);
			runOnlyForDeploymentPostprocessing = 0;
		};
/* End PBXSourcesBuildPhase section */

/* Begin PBXTargetDependency section */
		312BEA0B2DB0302D003F4AE9 /* PBXTargetDependency */ = {
			isa = PBXTargetDependency;
			target = C719FEAA1FB35D4D00912D76 /* Youtube Downloader */;
			targetProxy = 312BEA0A2DB0302D003F4AE9 /* PBXContainerItemProxy */;
		};
/* End PBXTargetDependency section */

/* Begin PBXVariantGroup section */
		C719FEB41FB35D4D00912D76 /* Main.storyboard */ = {
			isa = PBXVariantGroup;
			children = (
				C719FEB51FB35D4D00912D76 /* Base */,
			);
			name = Main.storyboard;
			sourceTree = "<group>";
		};
/* End PBXVariantGroup section */

/* Begin XCBuildConfiguration section */
		312BEA0C2DB0302D003F4AE9 /* Debug */ = {
			isa = XCBuildConfiguration;
			buildSettings = {
				ASSETCATALOG_COMPILER_GENERATE_SWIFT_ASSET_SYMBOL_EXTENSIONS = YES;
				BUNDLE_LOADER = "$(TEST_HOST)";
				CLANG_CXX_LANGUAGE_STANDARD = "gnu++20";
				CLANG_ENABLE_OBJC_WEAK = YES;
				CODE_SIGN_STYLE = Automatic;
				CURRENT_PROJECT_VERSION = 1;
				ENABLE_USER_SCRIPT_SANDBOXING = YES;
				GCC_C_LANGUAGE_STANDARD = gnu17;
				GENERATE_INFOPLIST_FILE = YES;
				LOCALIZATION_PREFERS_STRING_CATALOGS = YES;
				MACOSX_DEPLOYMENT_TARGET = 15.4;
				MARKETING_VERSION = 1.0;
				MTL_ENABLE_DEBUG_INFO = INCLUDE_SOURCE;
				MTL_FAST_MATH = YES;
				PRODUCT_BUNDLE_IDENTIFIER = "ngoli.Youtube-DownloaderTests";
				PRODUCT_NAME = "$(TARGET_NAME)";
				SWIFT_ACTIVE_COMPILATION_CONDITIONS = "DEBUG $(inherited)";
				SWIFT_EMIT_LOC_STRINGS = NO;
				SWIFT_VERSION = 5.0;
				TEST_HOST = "$(BUILT_PRODUCTS_DIR)/Youtube Downloader.app/$(BUNDLE_EXECUTABLE_FOLDER_PATH)/Youtube Downloader";
			};
			name = Debug;
		};
		312BEA0D2DB0302D003F4AE9 /* Release */ = {
			isa = XCBuildConfiguration;
			buildSettings = {
				ASSETCATALOG_COMPILER_GENERATE_SWIFT_ASSET_SYMBOL_EXTENSIONS = YES;
				BUNDLE_LOADER = "$(TEST_HOST)";
				CLANG_CXX_LANGUAGE_STANDARD = "gnu++20";
				CLANG_ENABLE_OBJC_WEAK = YES;
				CODE_SIGN_STYLE = Automatic;
				CURRENT_PROJECT_VERSION = 1;
				ENABLE_USER_SCRIPT_SANDBOXING = YES;
				GCC_C_LANGUAGE_STANDARD = gnu17;
				GENERATE_INFOPLIST_FILE = YES;
				LOCALIZATION_PREFERS_STRING_CATALOGS = YES;
				MACOSX_DEPLOYMENT_TARGET = 15.4;
				MARKETING_VERSION = 1.0;
				MTL_FAST_MATH = YES;
				PRODUCT_BUNDLE_IDENTIFIER = "ngoli.Youtube-DownloaderTests";
				PRODUCT_NAME = "$(TARGET_NAME)";
				SWIFT_EMIT_LOC_STRINGS = NO;
				SWIFT_VERSION = 5.0;
				TEST_HOST = "$(BUILT_PRODUCTS_DIR)/Youtube Downloader.app/$(BUNDLE_EXECUTABLE_FOLDER_PATH)/Youtube Downloader";
			};
			name = Release;
		};
		C719FEB91FB35D4D00912D76 /* Debug */ = {
			isa = XCBuildConfiguration;
			buildSettings = {
				ALWAYS_SEARCH_USER_PATHS = NO;
				CLANG_ANALYZER_NONNULL = YES;
				CLANG_ANALYZER_NUMBER_OBJECT_CONVERSION = YES_AGGRESSIVE;
				CLANG_CXX_LANGUAGE_STANDARD = "gnu++14";
				CLANG_CXX_LIBRARY = "libc++";
				CLANG_ENABLE_MODULES = YES;
				CLANG_ENABLE_OBJC_ARC = YES;
				CLANG_WARN_BLOCK_CAPTURE_AUTORELEASING = YES;
				CLANG_WARN_BOOL_CONVERSION = YES;
				CLANG_WARN_COMMA = YES;
				CLANG_WARN_CONSTANT_CONVERSION = YES;
				CLANG_WARN_DEPRECATED_OBJC_IMPLEMENTATIONS = YES;
				CLANG_WARN_DIRECT_OBJC_ISA_USAGE = YES_ERROR;
				CLANG_WARN_DOCUMENTATION_COMMENTS = YES;
				CLANG_WARN_EMPTY_BODY = YES;
				CLANG_WARN_ENUM_CONVERSION = YES;
				CLANG_WARN_INFINITE_RECURSION = YES;
				CLANG_WARN_INT_CONVERSION = YES;
				CLANG_WARN_NON_LITERAL_NULL_CONVERSION = YES;
				CLANG_WARN_OBJC_IMPLICIT_RETAIN_SELF = YES;
				CLANG_WARN_OBJC_LITERAL_CONVERSION = YES;
				CLANG_WARN_OBJC_ROOT_CLASS = YES_ERROR;
				CLANG_WARN_QUOTED_INCLUDE_IN_FRAMEWORK_HEADER = YES;
				CLANG_WARN_RANGE_LOOP_ANALYSIS = YES;
				CLANG_WARN_STRICT_PROTOTYPES = YES;
				CLANG_WARN_SUSPICIOUS_MOVE = YES;
				CLANG_WARN_UNGUARDED_AVAILABILITY = YES_AGGRESSIVE;
				CLANG_WARN_UNREACHABLE_CODE = YES;
				CLANG_WARN__DUPLICATE_METHOD_MATCH = YES;
				CODE_SIGN_IDENTITY = "-";
				COPY_PHASE_STRIP = NO;
				DEBUG_INFORMATION_FORMAT = dwarf;
				ENABLE_STRICT_OBJC_MSGSEND = YES;
				ENABLE_TESTABILITY = YES;
				GCC_C_LANGUAGE_STANDARD = gnu11;
				GCC_DYNAMIC_NO_PIC = NO;
				GCC_NO_COMMON_BLOCKS = YES;
				GCC_OPTIMIZATION_LEVEL = 0;
				GCC_PREPROCESSOR_DEFINITIONS = (
					"DEBUG=1",
					"$(inherited)",
				);
				GCC_WARN_64_TO_32_BIT_CONVERSION = YES;
				GCC_WARN_ABOUT_RETURN_TYPE = YES_ERROR;
				GCC_WARN_UNDECLARED_SELECTOR = YES;
				GCC_WARN_UNINITIALIZED_AUTOS = YES_AGGRESSIVE;
				GCC_WARN_UNUSED_FUNCTION = YES;
				GCC_WARN_UNUSED_VARIABLE = YES;
				MACOSX_DEPLOYMENT_TARGET = 10.12;
				MTL_ENABLE_DEBUG_INFO = YES;
				ONLY_ACTIVE_ARCH = YES;
				SDKROOT = macosx;
				SWIFT_ACTIVE_COMPILATION_CONDITIONS = DEBUG;
				SWIFT_OPTIMIZATION_LEVEL = "-Onone";
			};
			name = Debug;
		};
		C719FEBA1FB35D4D00912D76 /* Release */ = {
			isa = XCBuildConfiguration;
			buildSettings = {
				ALWAYS_SEARCH_USER_PATHS = NO;
				CLANG_ANALYZER_NONNULL = YES;
				CLANG_ANALYZER_NUMBER_OBJECT_CONVERSION = YES_AGGRESSIVE;
				CLANG_CXX_LANGUAGE_STANDARD = "gnu++14";
				CLANG_CXX_LIBRARY = "libc++";
				CLANG_ENABLE_MODULES = YES;
				CLANG_ENABLE_OBJC_ARC = YES;
				CLANG_WARN_BLOCK_CAPTURE_AUTORELEASING = YES;
				CLANG_WARN_BOOL_CONVERSION = YES;
				CLANG_WARN_COMMA = YES;
				CLANG_WARN_CONSTANT_CONVERSION = YES;
				CLANG_WARN_DEPRECATED_OBJC_IMPLEMENTATIONS = YES;
				CLANG_WARN_DIRECT_OBJC_ISA_USAGE = YES_ERROR;
				CLANG_WARN_DOCUMENTATION_COMMENTS = YES;
				CLANG_WARN_EMPTY_BODY = YES;
				CLANG_WARN_ENUM_CONVERSION = YES;
				CLANG_WARN_INFINITE_RECURSION = YES;
				CLANG_WARN_INT_CONVERSION = YES;
				CLANG_WARN_NON_LITERAL_NULL_CONVERSION = YES;
				CLANG_WARN_OBJC_IMPLICIT_RETAIN_SELF = YES;
				CLANG_WARN_OBJC_LITERAL_CONVERSION = YES;
				CLANG_WARN_OBJC_ROOT_CLASS = YES_ERROR;
				CLANG_WARN_QUOTED_INCLUDE_IN_FRAMEWORK_HEADER = YES;
				CLANG_WARN_RANGE_LOOP_ANALYSIS = YES;
				CLANG_WARN_STRICT_PROTOTYPES = YES;
				CLANG_WARN_SUSPICIOUS_MOVE = YES;
				CLANG_WARN_UNGUARDED_AVAILABILITY = YES_AGGRESSIVE;
				CLANG_WARN_UNREACHABLE_CODE = YES;
				CLANG_WARN__DUPLICATE_METHOD_MATCH = YES;
				CODE_SIGN_IDENTITY = "-";
				COPY_PHASE_STRIP = NO;
				DEBUG_INFORMATION_FORMAT = "dwarf-with-dsym";
				ENABLE_NS_ASSERTIONS = NO;
				ENABLE_STRICT_OBJC_MSGSEND = YES;
				GCC_C_LANGUAGE_STANDARD = gnu11;
				GCC_NO_COMMON_BLOCKS = YES;
				GCC_WARN_64_TO_32_BIT_CONVERSION = YES;
				GCC_WARN_ABOUT_RETURN_TYPE = YES_ERROR;
				GCC_WARN_UNDECLARED_SELECTOR = YES;
				GCC_WARN_UNINITIALIZED_AUTOS = YES_AGGRESSIVE;
				GCC_WARN_UNUSED_FUNCTION = YES;
				GCC_WARN_UNUSED_VARIABLE = YES;
				MACOSX_DEPLOYMENT_TARGET = 10.12;
				MTL_ENABLE_DEBUG_INFO = NO;
				SDKROOT = macosx;
				SWIFT_COMPILATION_MODE = wholemodule;
				SWIFT_OPTIMIZATION_LEVEL = "-O";
			};
			name = Release;
		};
		C719FEBC1FB35D4D00912D76 /* Debug */ = {
			isa = XCBuildConfiguration;
			buildSettings = {
				ALWAYS_EMBED_SWIFT_STANDARD_LIBRARIES = YES;
				ASSETCATALOG_COMPILER_APPICON_NAME = AppIcon;
				CODE_SIGN_ENTITLEMENTS = "Youtube Downloader/Youtube_Downloader.entitlements";
				CODE_SIGN_IDENTITY = "-";
				CODE_SIGN_STYLE = Automatic;
				COMBINE_HIDPI_IMAGES = YES;
				INFOPLIST_FILE = "Youtube Downloader/Info.plist";
				LD_RUNPATH_SEARCH_PATHS = (
					"$(inherited)",
					"@executable_path/../Frameworks",
				);
				MACOSX_DEPLOYMENT_TARGET = 10.13;
				MARKETING_VERSION = 0.19;
				PRODUCT_BUNDLE_IDENTIFIER = "denbeke.Youtube-Downloader";
				PRODUCT_NAME = "$(TARGET_NAME)";
				SWIFT_VERSION = 5.0;
			};
			name = Debug;
		};
		C719FEBD1FB35D4D00912D76 /* Release */ = {
			isa = XCBuildConfiguration;
			buildSettings = {
				ALWAYS_EMBED_SWIFT_STANDARD_LIBRARIES = YES;
				ASSETCATALOG_COMPILER_APPICON_NAME = AppIcon;
				CODE_SIGN_ENTITLEMENTS = "Youtube Downloader/Youtube_Downloader.entitlements";
				CODE_SIGN_IDENTITY = "-";
				CODE_SIGN_STYLE = Automatic;
				COMBINE_HIDPI_IMAGES = YES;
				INFOPLIST_FILE = "Youtube Downloader/Info.plist";
				LD_RUNPATH_SEARCH_PATHS = (
					"$(inherited)",
					"@executable_path/../Frameworks",
				);
				MACOSX_DEPLOYMENT_TARGET = 10.13;
				MARKETING_VERSION = 0.19;
				PRODUCT_BUNDLE_IDENTIFIER = "denbeke.Youtube-Downloader";
				PRODUCT_NAME = "$(TARGET_NAME)";
				SWIFT_VERSION = 5.0;
			};
			name = Release;
		};
/* End XCBuildConfiguration section */

/* Begin XCConfigurationList section */
		312BEA0E2DB0302D003F4AE9 /* Build configuration list for PBXNativeTarget "Youtube DownloaderTests" */ = {
			isa = XCConfigurationList;
			buildConfigurations = (
				312BEA0C2DB0302D003F4AE9 /* Debug */,
				312BEA0D2DB0302D003F4AE9 /* Release */,
			);
			defaultConfigurationIsVisible = 0;
			defaultConfigurationName = Release;
		};
		C719FEA61FB35D4D00912D76 /* Build configuration list for PBXProject "Youtube Downloader" */ = {
			isa = XCConfigurationList;
			buildConfigurations = (
				C719FEB91FB35D4D00912D76 /* Debug */,
				C719FEBA1FB35D4D00912D76 /* Release */,
			);
			defaultConfigurationIsVisible = 0;
			defaultConfigurationName = Release;
		};
		C719FEBB1FB35D4D00912D76 /* Build configuration list for PBXNativeTarget "Youtube Downloader" */ = {
			isa = XCConfigurationList;
			buildConfigurations = (
				C719FEBC1FB35D4D00912D76 /* Debug */,
				C719FEBD1FB35D4D00912D76 /* Release */,
			);
			defaultConfigurationIsVisible = 0;
			defaultConfigurationName = Release;
		};
/* End XCConfigurationList section */

/* Begin XCRemoteSwiftPackageReference section */
		31971DC32DA5ADC70094D713 /* XCRemoteSwiftPackageReference "sentry-cocoa" */ = {
			isa = XCRemoteSwiftPackageReference;
			repositoryURL = "https://github.com/getsentry/sentry-cocoa";
			requirement = {
				kind = upToNextMajorVersion;
				minimumVersion = 8.48.0;
			};
		};
		31971DCE2DA5AF9C0094D713 /* XCRemoteSwiftPackageReference "Alamofire" */ = {
			isa = XCRemoteSwiftPackageReference;
			repositoryURL = "https://github.com/Alamofire/Alamofire";
			requirement = {
				kind = upToNextMajorVersion;
				minimumVersion = 5.10.2;
			};
		};
/* End XCRemoteSwiftPackageReference section */

/* Begin XCSwiftPackageProductDependency section */
		31971DC42DA5ADC70094D713 /* Sentry */ = {
			isa = XCSwiftPackageProductDependency;
			package = 31971DC32DA5ADC70094D713 /* XCRemoteSwiftPackageReference "sentry-cocoa" */;
			productName = Sentry;
		};
		31971DC82DA5ADC70094D713 /* SentrySwiftUI */ = {
			isa = XCSwiftPackageProductDependency;
			package = 31971DC32DA5ADC70094D713 /* XCRemoteSwiftPackageReference "sentry-cocoa" */;
			productName = SentrySwiftUI;
		};
		31971DCF2DA5AF9C0094D713 /* Alamofire */ = {
			isa = XCSwiftPackageProductDependency;
			package = 31971DCE2DA5AF9C0094D713 /* XCRemoteSwiftPackageReference "Alamofire" */;
			productName = Alamofire;
		};
/* End XCSwiftPackageProductDependency section */
	};
	rootObject = C719FEA31FB35D4D00912D76 /* Project object */;
}
